// !$*UTF8*$!
{
	archiveVersion = 1;
	classes = {
	};
	objectVersion = 56;
	objects = {

/* Begin PBXBuildFile section */
		288A945829E0AAC3003E46B4 /* A.wav in Resources */ = {isa = PBXBuildFile; fileRef = 288A945129E0AAC3003E46B4 /* A.wav */; };
		288A945929E0AAC3003E46B4 /* C.wav in Resources */ = {isa = PBXBuildFile; fileRef = 288A945229E0AAC3003E46B4 /* C.wav */; };
		288A945A29E0AAC3003E46B4 /* B.wav in Resources */ = {isa = PBXBuildFile; fileRef = 288A945329E0AAC3003E46B4 /* B.wav */; };
		288A945B29E0AAC3003E46B4 /* F.wav in Resources */ = {isa = PBXBuildFile; fileRef = 288A945429E0AAC3003E46B4 /* F.wav */; };
		288A945C29E0AAC3003E46B4 /* G.wav in Resources */ = {isa = PBXBuildFile; fileRef = 288A945529E0AAC3003E46B4 /* G.wav */; };
		288A945D29E0AAC3003E46B4 /* E.wav in Resources */ = {isa = PBXBuildFile; fileRef = 288A945629E0AAC3003E46B4 /* E.wav */; };
		288A945E29E0AAC3003E46B4 /* D.wav in Resources */ = {isa = PBXBuildFile; fileRef = 288A945729E0AAC3003E46B4 /* D.wav */; };
		28BB645E29E08DA200028135 /* AppDelegate.swift in Sources */ = {isa = PBXBuildFile; fileRef = 28BB645D29E08DA200028135 /* AppDelegate.swift */; };
		28BB646029E08DA200028135 /* SceneDelegate.swift in Sources */ = {isa = PBXBuildFile; fileRef = 28BB645F29E08DA200028135 /* SceneDelegate.swift */; };
		28BB646229E08DA200028135 /* ViewController.swift in Sources */ = {isa = PBXBuildFile; fileRef = 28BB646129E08DA200028135 /* ViewController.swift */; };
		28BB646529E08DA200028135 /* Main.storyboard in Resources */ = {isa = PBXBuildFile; fileRef = 28BB646329E08DA200028135 /* Main.storyboard */; };
		28BB646729E08DA300028135 /* Assets.xcassets in Resources */ = {isa = PBXBuildFile; fileRef = 28BB646629E08DA300028135 /* Assets.xcassets */; };
		28BB646A29E08DA300028135 /* LaunchScreen.storyboard in Resources */ = {isa = PBXBuildFile; fileRef = 28BB646829E08DA300028135 /* LaunchScreen.storyboard */; };
/* End PBXBuildFile section */

/* Begin PBXFileReference section */
		288A945129E0AAC3003E46B4 /* A.wav */ = {isa = PBXFileReference; lastKnownFileType = audio.wav; path = A.wav; sourceTree = "<group>"; };
		288A945229E0AAC3003E46B4 /* C.wav */ = {isa = PBXFileReference; lastKnownFileType = audio.wav; path = C.wav; sourceTree = "<group>"; };
		288A945329E0AAC3003E46B4 /* B.wav */ = {isa = PBXFileReference; lastKnownFileType = audio.wav; path = B.wav; sourceTree = "<group>"; };
		288A945429E0AAC3003E46B4 /* F.wav */ = {isa = PBXFileReference; lastKnownFileType = audio.wav; path = F.wav; sourceTree = "<group>"; };
		288A945529E0AAC3003E46B4 /* G.wav */ = {isa = PBXFileReference; lastKnownFileType = audio.wav; path = G.wav; sourceTree = "<group>"; };
		288A945629E0AAC3003E46B4 /* E.wav */ = {isa = PBXFileReference; lastKnownFileType = audio.wav; path = E.wav; sourceTree = "<group>"; };
		288A945729E0AAC3003E46B4 /* D.wav */ = {isa = PBXFileReference; lastKnownFileType = audio.wav; path = D.wav; sourceTree = "<group>"; };
		28BB645A29E08DA200028135 /* MyXylophone.app */ = {isa = PBXFileReference; explicitFileType = wrapper.application; includeInIndex = 0; path = MyXylophone.app; sourceTree = BUILT_PRODUCTS_DIR; };
		28BB645D29E08DA200028135 /* AppDelegate.swift */ = {isa = PBXFileReference; lastKnownFileType = sourcecode.swift; path = AppDelegate.swift; sourceTree = "<group>"; };
		28BB645F29E08DA200028135 /* SceneDelegate.swift */ = {isa = PBXFileReference; lastKnownFileType = sourcecode.swift; path = SceneDelegate.swift; sourceTree = "<group>"; };
		28BB646129E08DA200028135 /* ViewController.swift */ = {isa = PBXFileReference; lastKnownFileType = sourcecode.swift; path = ViewController.swift; sourceTree = "<group>"; };
		28BB646429E08DA200028135 /* Base */ = {isa = PBXFileReference; lastKnownFileType = file.storyboard; name = Base; path = Base.lproj/Main.storyboard; sourceTree = "<group>"; };
		28BB646629E08DA300028135 /* Assets.xcassets */ = {isa = PBXFileReference; lastKnownFileType = folder.assetcatalog; path = Assets.xcassets; sourceTree = "<group>"; };
		28BB646929E08DA300028135 /* Base */ = {isa = PBXFileReference; lastKnownFileType = file.storyboard; name = Base; path = Base.lproj/LaunchScreen.storyboard; sourceTree = "<group>"; };
		28BB646B29E08DA300028135 /* Info.plist */ = {isa = PBXFileReference; lastKnownFileType = text.plist.xml; path = Info.plist; sourceTree = "<group>"; };
/* End PBXFileReference section */

/* Begin PBXFrameworksBuildPhase section */
		28BB645729E08DA200028135 /* Frameworks */ = {
			isa = PBXFrameworksBuildPhase;
			buildActionMask = 2147483647;
			files = (
			);
			runOnlyForDeploymentPostprocessing = 0;
		};
/* End PBXFrameworksBuildPhase section */

/* Begin PBXGroup section */
		288A945029E0AAC3003E46B4 /* Sounds */ = {
			isa = PBXGroup;
			children = (
				288A945129E0AAC3003E46B4 /* A.wav */,
				288A945229E0AAC3003E46B4 /* C.wav */,
				288A945329E0AAC3003E46B4 /* B.wav */,
				288A945429E0AAC3003E46B4 /* F.wav */,
				288A945529E0AAC3003E46B4 /* G.wav */,
				288A945629E0AAC3003E46B4 /* E.wav */,
				288A945729E0AAC3003E46B4 /* D.wav */,
			);
			path = Sounds;
			sourceTree = "<group>";
		};
		28BB645129E08DA200028135 = {
			isa = PBXGroup;
			children = (
				28BB645C29E08DA200028135 /* MyXylophone */,
				28BB645B29E08DA200028135 /* Products */,
			);
			sourceTree = "<group>";
		};
		28BB645B29E08DA200028135 /* Products */ = {
			isa = PBXGroup;
			children = (
				28BB645A29E08DA200028135 /* MyXylophone.app */,
			);
			name = Products;
			sourceTree = "<group>";
		};
		28BB645C29E08DA200028135 /* MyXylophone */ = {
			isa = PBXGroup;
			children = (
				28BB645D29E08DA200028135 /* AppDelegate.swift */,
				28BB645F29E08DA200028135 /* SceneDelegate.swift */,
				28BB646129E08DA200028135 /* ViewController.swift */,
				28BB646329E08DA200028135 /* Main.storyboard */,
				28BB646629E08DA300028135 /* Assets.xcassets */,
				28BB646829E08DA300028135 /* LaunchScreen.storyboard */,
				28BB646B29E08DA300028135 /* Info.plist */,
				288A945029E0AAC3003E46B4 /* Sounds */,
			);
			path = MyXylophone;
			sourceTree = "<group>";
		};
/* End PBXGroup section */

/* Begin PBXNativeTarget section */
		28BB645929E08DA200028135 /* MyXylophone */ = {
			isa = PBXNativeTarget;
			buildConfigurationList = 28BB646E29E08DA300028135 /* Build configuration list for PBXNativeTarget "MyXylophone" */;
			buildPhases = (
				28BB645629E08DA200028135 /* Sources */,
				28BB645729E08DA200028135 /* Frameworks */,
				28BB645829E08DA200028135 /* Resources */,
			);
			buildRules = (
			);
			dependencies = (
			);
			name = MyXylophone;
			productName = MyXylophone;
			productReference = 28BB645A29E08DA200028135 /* MyXylophone.app */;
			productType = "com.apple.product-type.application";
		};
/* End PBXNativeTarget section */

/* Begin PBXProject section */
		28BB645229E08DA200028135 /* Project object */ = {
			isa = PBXProject;
			attributes = {
				BuildIndependentTargetsInParallel = 1;
				LastSwiftUpdateCheck = 1420;
				LastUpgradeCheck = 1420;
				TargetAttributes = {
					28BB645929E08DA200028135 = {
						CreatedOnToolsVersion = 14.2;
					};
				};
			};
			buildConfigurationList = 28BB645529E08DA200028135 /* Build configuration list for PBXProject "MyXylophone" */;
			compatibilityVersion = "Xcode 14.0";
			developmentRegion = en;
			hasScannedForEncodings = 0;
			knownRegions = (
				en,
				Base,
			);
			mainGroup = 28BB645129E08DA200028135;
			productRefGroup = 28BB645B29E08DA200028135 /* Products */;
			projectDirPath = "";
			projectRoot = "";
			targets = (
				28BB645929E08DA200028135 /* MyXylophone */,
			);
		};
/* End PBXProject section */

/* Begin PBXResourcesBuildPhase section */
		28BB645829E08DA200028135 /* Resources */ = {
			isa = PBXResourcesBuildPhase;
			buildActionMask = 2147483647;
			files = (
				288A945C29E0AAC3003E46B4 /* G.wav in Resources */,
				28BB646A29E08DA300028135 /* LaunchScreen.storyboard in Resources */,
				288A945B29E0AAC3003E46B4 /* F.wav in Resources */,
				28BB646729E08DA300028135 /* Assets.xcassets in Resources */,
				288A945829E0AAC3003E46B4 /* A.wav in Resources */,
				288A945A29E0AAC3003E46B4 /* B.wav in Resources */,
				288A945D29E0AAC3003E46B4 /* E.wav in Resources */,
				288A945E29E0AAC3003E46B4 /* D.wav in Resources */,
				28BB646529E08DA200028135 /* Main.storyboard in Resources */,
				288A945929E0AAC3003E46B4 /* C.wav in Resources */,
			);
			runOnlyForDeploymentPostprocessing = 0;
		};
/* End PBXResourcesBuildPhase section */

/* Begin PBXSourcesBuildPhase section */
		28BB645629E08DA200028135 /* Sources */ = {
			isa = PBXSourcesBuildPhase;
			buildActionMask = 2147483647;
			files = (
				28BB646229E08DA200028135 /* ViewController.swift in Sources */,
				28BB645E29E08DA200028135 /* AppDelegate.swift in Sources */,
				28BB646029E08DA200028135 /* SceneDelegate.swift in Sources */,
			);
			runOnlyForDeploymentPostprocessing = 0;
		};
/* End PBXSourcesBuildPhase section */

/* Begin PBXVariantGroup section */
		28BB646329E08DA200028135 /* Main.storyboard */ = {
			isa = PBXVariantGroup;
			children = (
				28BB646429E08DA200028135 /* Base */,
			);
			name = Main.storyboard;
			sourceTree = "<group>";
		};
		28BB646829E08DA300028135 /* LaunchScreen.storyboard */ = {
			isa = PBXVariantGroup;
			children = (
				28BB646929E08DA300028135 /* Base */,
			);
			name = LaunchScreen.storyboard;
			sourceTree = "<group>";
		};
/* End PBXVariantGroup section */

/* Begin XCBuildConfiguration section */
		28BB646C29E08DA300028135 /* Debug */ = {
			isa = XCBuildConfiguration;
			buildSettings = {
				ALWAYS_SEARCH_USER_PATHS = NO;
				CLANG_ANALYZER_NONNULL = YES;
				CLANG_ANALYZER_NUMBER_OBJECT_CONVERSION = YES_AGGRESSIVE;
				CLANG_CXX_LANGUAGE_STANDARD = "gnu++20";
				CLANG_ENABLE_MODULES = YES;
				CLANG_ENABLE_OBJC_ARC = YES;
				CLANG_ENABLE_OBJC_WEAK = YES;
				CLANG_WARN_BLOCK_CAPTURE_AUTORELEASING = YES;
				CLANG_WARN_BOOL_CONVERSION = YES;
				CLANG_WARN_COMMA = YES;
				CLANG_WARN_CONSTANT_CONVERSION = YES;
				CLANG_WARN_DEPRECATED_OBJC_IMPLEMENTATIONS = YES;
				CLANG_WARN_DIRECT_OBJC_ISA_USAGE = YES_ERROR;
				CLANG_WARN_DOCUMENTATION_COMMENTS = YES;
				CLANG_WARN_EMPTY_BODY = YES;
				CLANG_WARN_ENUM_CONVERSION = YES;
				CLANG_WARN_INFINITE_RECURSION = YES;
				CLANG_WARN_INT_CONVERSION = YES;
				CLANG_WARN_NON_LITERAL_NULL_CONVERSION = YES;
				CLANG_WARN_OBJC_IMPLICIT_RETAIN_SELF = YES;
				CLANG_WARN_OBJC_LITERAL_CONVERSION = YES;
				CLANG_WARN_OBJC_ROOT_CLASS = YES_ERROR;
				CLANG_WARN_QUOTED_INCLUDE_IN_FRAMEWORK_HEADER = YES;
				CLANG_WARN_RANGE_LOOP_ANALYSIS = YES;
				CLANG_WARN_STRICT_PROTOTYPES = YES;
				CLANG_WARN_SUSPICIOUS_MOVE = YES;
				CLANG_WARN_UNGUARDED_AVAILABILITY = YES_AGGRESSIVE;
				CLANG_WARN_UNREACHABLE_CODE = YES;
				CLANG_WARN__DUPLICATE_METHOD_MATCH = YES;
				COPY_PHASE_STRIP = NO;
				DEBUG_INFORMATION_FORMAT = dwarf;
				ENABLE_STRICT_OBJC_MSGSEND = YES;
				ENABLE_TESTABILITY = YES;
				GCC_C_LANGUAGE_STANDARD = gnu11;
				GCC_DYNAMIC_NO_PIC = NO;
				GCC_NO_COMMON_BLOCKS = YES;
				GCC_OPTIMIZATION_LEVEL = 0;
				GCC_PREPROCESSOR_DEFINITIONS = (
					"DEBUG=1",
					"$(inherited)",
				);
				GCC_WARN_64_TO_32_BIT_CONVERSION = YES;
				GCC_WARN_ABOUT_RETURN_TYPE = YES_ERROR;
				GCC_WARN_UNDECLARED_SELECTOR = YES;
				GCC_WARN_UNINITIALIZED_AUTOS = YES_AGGRESSIVE;
				GCC_WARN_UNUSED_FUNCTION = YES;
				GCC_WARN_UNUSED_VARIABLE = YES;
				IPHONEOS_DEPLOYMENT_TARGET = 16.2;
				MTL_ENABLE_DEBUG_INFO = INCLUDE_SOURCE;
				MTL_FAST_MATH = YES;
				ONLY_ACTIVE_ARCH = YES;
				SDKROOT = iphoneos;
				SWIFT_ACTIVE_COMPILATION_CONDITIONS = DEBUG;
				SWIFT_OPTIMIZATION_LEVEL = "-Onone";
			};
			name = Debug;
		};
		28BB646D29E08DA300028135 /* Release */ = {
			isa = XCBuildConfiguration;
			buildSettings = {
				ALWAYS_SEARCH_USER_PATHS = NO;
				CLANG_ANALYZER_NONNULL = YES;
				CLANG_ANALYZER_NUMBER_OBJECT_CONVERSION = YES_AGGRESSIVE;
				CLANG_CXX_LANGUAGE_STANDARD = "gnu++20";
				CLANG_ENABLE_MODULES = YES;
				CLANG_ENABLE_OBJC_ARC = YES;
				CLANG_ENABLE_OBJC_WEAK = YES;
				CLANG_WARN_BLOCK_CAPTURE_AUTORELEASING = YES;
				CLANG_WARN_BOOL_CONVERSION = YES;
				CLANG_WARN_COMMA = YES;
				CLANG_WARN_CONSTANT_CONVERSION = YES;
				CLANG_WARN_DEPRECATED_OBJC_IMPLEMENTATIONS = YES;
				CLANG_WARN_DIRECT_OBJC_ISA_USAGE = YES_ERROR;
				CLANG_WARN_DOCUMENTATION_COMMENTS = YES;
				CLANG_WARN_EMPTY_BODY = YES;
				CLANG_WARN_ENUM_CONVERSION = YES;
				CLANG_WARN_INFINITE_RECURSION = YES;
				CLANG_WARN_INT_CONVERSION = YES;
				CLANG_WARN_NON_LITERAL_NULL_CONVERSION = YES;
				CLANG_WARN_OBJC_IMPLICIT_RETAIN_SELF = YES;
				CLANG_WARN_OBJC_LITERAL_CONVERSION = YES;
				CLANG_WARN_OBJC_ROOT_CLASS = YES_ERROR;
				CLANG_WARN_QUOTED_INCLUDE_IN_FRAMEWORK_HEADER = YES;
				CLANG_WARN_RANGE_LOOP_ANALYSIS = YES;
				CLANG_WARN_STRICT_PROTOTYPES = YES;
				CLANG_WARN_SUSPICIOUS_MOVE = YES;
				CLANG_WARN_UNGUARDED_AVAILABILITY = YES_AGGRESSIVE;
				CLANG_WARN_UNREACHABLE_CODE = YES;
				CLANG_WARN__DUPLICATE_METHOD_MATCH = YES;
				COPY_PHASE_STRIP = NO;
				DEBUG_INFORMATION_FORMAT = "dwarf-with-dsym";
				ENABLE_NS_ASSERTIONS = NO;
				ENABLE_STRICT_OBJC_MSGSEND = YES;
				GCC_C_LANGUAGE_STANDARD = gnu11;
				GCC_NO_COMMON_BLOCKS = YES;
				GCC_WARN_64_TO_32_BIT_CONVERSION = YES;
				GCC_WARN_ABOUT_RETURN_TYPE = YES_ERROR;
				GCC_WARN_UNDECLARED_SELECTOR = YES;
				GCC_WARN_UNINITIALIZED_AUTOS = YES_AGGRESSIVE;
				GCC_WARN_UNUSED_FUNCTION = YES;
				GCC_WARN_UNUSED_VARIABLE = YES;
				IPHONEOS_DEPLOYMENT_TARGET = 16.2;
				MTL_ENABLE_DEBUG_INFO = NO;
				MTL_FAST_MATH = YES;
				SDKROOT = iphoneos;
				SWIFT_COMPILATION_MODE = wholemodule;
				SWIFT_OPTIMIZATION_LEVEL = "-O";
				VALIDATE_PRODUCT = YES;
			};
			name = Release;
		};
		28BB646F29E08DA300028135 /* Debug */ = {
			isa = XCBuildConfiguration;
			buildSettings = {
				ASSETCATALOG_COMPILER_APPICON_NAME = AppIcon;
				ASSETCATALOG_COMPILER_GLOBAL_ACCENT_COLOR_NAME = AccentColor;
				CODE_SIGN_STYLE = Automatic;
				CURRENT_PROJECT_VERSION = 1;
				DEVELOPMENT_TEAM = 5DC95DU5K7;
				GENERATE_INFOPLIST_FILE = YES;
				INFOPLIST_FILE = MyXylophone/Info.plist;
				INFOPLIST_KEY_UIApplicationSupportsIndirectInputEvents = YES;
				INFOPLIST_KEY_UILaunchStoryboardName = LaunchScreen;
				INFOPLIST_KEY_UIMainStoryboardFile = Main;
				INFOPLIST_KEY_UISupportedInterfaceOrientations_iPad = "UIInterfaceOrientationPortrait UIInterfaceOrientationPortraitUpsideDown UIInterfaceOrientationLandscapeLeft UIInterfaceOrientationLandscapeRight";
				INFOPLIST_KEY_UISupportedInterfaceOrientations_iPhone = "UIInterfaceOrientationPortrait UIInterfaceOrientationLandscapeLeft UIInterfaceOrientationLandscapeRight";
				LD_RUNPATH_SEARCH_PATHS = (
					"$(inherited)",
					"@executable_path/Frameworks",
				);
				MARKETING_VERSION = 1.0;
				PRODUCT_BUNDLE_IDENTIFIER = com.dmitrii.MyXylophone;
				PRODUCT_NAME = "$(TARGET_NAME)";
				SWIFT_EMIT_LOC_STRINGS = YES;
				SWIFT_VERSION = 5.0;
				TARGETED_DEVICE_FAMILY = "1,2";
			};
			name = Debug;
		};
		28BB647029E08DA300028135 /* Release */ = {
			isa = XCBuildConfiguration;
			buildSettings = {
				ASSETCATALOG_COMPILER_APPICON_NAME = AppIcon;
				ASSETCATALOG_COMPILER_GLOBAL_ACCENT_COLOR_NAME = AccentColor;
				CODE_SIGN_STYLE = Automatic;
				CURRENT_PROJECT_VERSION = 1;
				DEVELOPMENT_TEAM = 5DC95DU5K7;
				GENERATE_INFOPLIST_FILE = YES;
				INFOPLIST_FILE = MyXylophone/Info.plist;
				INFOPLIST_KEY_UIApplicationSupportsIndirectInputEvents = YES;
				INFOPLIST_KEY_UILaunchStoryboardName = LaunchScreen;
				INFOPLIST_KEY_UIMainStoryboardFile = Main;
				INFOPLIST_KEY_UISupportedInterfaceOrientations_iPad = "UIInterfaceOrientationPortrait UIInterfaceOrientationPortraitUpsideDown UIInterfaceOrientationLandscapeLeft UIInterfaceOrientationLandscapeRight";
				INFOPLIST_KEY_UISupportedInterfaceOrientations_iPhone = "UIInterfaceOrientationPortrait UIInterfaceOrientationLandscapeLeft UIInterfaceOrientationLandscapeRight";
				LD_RUNPATH_SEARCH_PATHS = (
					"$(inherited)",
					"@executable_path/Frameworks",
				);
				MARKETING_VERSION = 1.0;
				PRODUCT_BUNDLE_IDENTIFIER = com.dmitrii.MyXylophone;
				PRODUCT_NAME = "$(TARGET_NAME)";
				SWIFT_EMIT_LOC_STRINGS = YES;
				SWIFT_VERSION = 5.0;
				TARGETED_DEVICE_FAMILY = "1,2";
			};
			name = Release;
		};
/* End XCBuildConfiguration section */

/* Begin XCConfigurationList section */
		28BB645529E08DA200028135 /* Build configuration list for PBXProject "MyXylophone" */ = {
			isa = XCConfigurationList;
			buildConfigurations = (
				28BB646C29E08DA300028135 /* Debug */,
				28BB646D29E08DA300028135 /* Release */,
			);
			defaultConfigurationIsVisible = 0;
			defaultConfigurationName = Release;
		};
		28BB646E29E08DA300028135 /* Build configuration list for PBXNativeTarget "MyXylophone" */ = {
			isa = XCConfigurationList;
			buildConfigurations = (
				28BB646F29E08DA300028135 /* Debug */,
				28BB647029E08DA300028135 /* Release */,
			);
			defaultConfigurationIsVisible = 0;
			defaultConfigurationName = Release;
		};
/* End XCConfigurationList section */
	};
	rootObject = 28BB645229E08DA200028135 /* Project object */;
}
